
Microsoft Visual Studio Solution File, Format Version 12.00
# Visual Studio Version 16
VisualStudioVersion = 16.0.28721.148
MinimumVisualStudioVersion = 10.0.40219.1
Project("{9A19103F-16F7-4668-BE54-9A1E7A4F7556}") = "Lion", "Lion\Lion.csproj", "{8531A0EF-E0EB-4BC7-A42F-0B6F6F464C13}"
EndProject
Project("{9A19103F-16F7-4668-BE54-9A1E7A4F7556}") = "Lion.Net", "Lion.Net\Lion.Net.csproj", "{E50F3E2A-ABC5-409C-95AD-F6A372EBCDD8}"
EndProject
Project("{9A19103F-16F7-4668-BE54-9A1E7A4F7556}") = "Lion.SDK.Bitcoin", "Lion.SDK.Bitcoin\Lion.SDK.Bitcoin.csproj", "{BC434E3C-1194-4FD7-87C4-6A2F1CBAD35C}"
EndProject
Project("{9A19103F-16F7-4668-BE54-9A1E7A4F7556}") = "Lion.Data.SqlClient", "Lion.Data.SqlClient\Lion.Data.SqlClient.csproj", "{D396BDB6-7FFD-4E4D-9B72-DBE22D9DDC6E}"
EndProject
Project("{9A19103F-16F7-4668-BE54-9A1E7A4F7556}") = "Lion.Data.MySqlClient", "Lion.Data.MySqlClient\Lion.Data.MySqlClient.csproj", "{E3D07B02-87C5-4499-A923-390601D29BF1}"
EndProject
Project("{9A19103F-16F7-4668-BE54-9A1E7A4F7556}") = "Lion.SDK", "Lion.SDK\Lion.SDK.csproj", "{A3C11BC0-BF63-4224-B63F-710342491BC8}"
EndProject
Project("{FAE04EC0-301F-11D3-BF4B-00C04F79EFBC}") = "test", "test\test.csproj", "{EB3F6CB2-2CE2-4CE1-8636-391EB6669BE9}"
EndProject
Global
	GlobalSection(SolutionConfigurationPlatforms) = preSolution
		Debug|Any CPU = Debug|Any CPU
		Release|Any CPU = Release|Any CPU
	EndGlobalSection
	GlobalSection(ProjectConfigurationPlatforms) = postSolution
		{8531A0EF-E0EB-4BC7-A42F-0B6F6F464C13}.Debug|Any CPU.ActiveCfg = Debug|Any CPU
		{8531A0EF-E0EB-4BC7-A42F-0B6F6F464C13}.Debug|Any CPU.Build.0 = Debug|Any CPU
		{8531A0EF-E0EB-4BC7-A42F-0B6F6F464C13}.Release|Any CPU.ActiveCfg = Release|Any CPU
		{8531A0EF-E0EB-4BC7-A42F-0B6F6F464C13}.Release|Any CPU.Build.0 = Release|Any CPU
		{E50F3E2A-ABC5-409C-95AD-F6A372EBCDD8}.Debug|Any CPU.ActiveCfg = Debug|Any CPU
		{E50F3E2A-ABC5-409C-95AD-F6A372EBCDD8}.Debug|Any CPU.Build.0 = Debug|Any CPU
		{E50F3E2A-ABC5-409C-95AD-F6A372EBCDD8}.Release|Any CPU.ActiveCfg = Release|Any CPU
		{E50F3E2A-ABC5-409C-95AD-F6A372EBCDD8}.Release|Any CPU.Build.0 = Release|Any CPU
		{BC434E3C-1194-4FD7-87C4-6A2F1CBAD35C}.Debug|Any CPU.ActiveCfg = Debug|Any CPU
		{BC434E3C-1194-4FD7-87C4-6A2F1CBAD35C}.Debug|Any CPU.Build.0 = Debug|Any CPU
		{BC434E3C-1194-4FD7-87C4-6A2F1CBAD35C}.Release|Any CPU.ActiveCfg = Release|Any CPU
		{BC434E3C-1194-4FD7-87C4-6A2F1CBAD35C}.Release|Any CPU.Build.0 = Release|Any CPU
		{D396BDB6-7FFD-4E4D-9B72-DBE22D9DDC6E}.Debug|Any CPU.ActiveCfg = Debug|Any CPU
		{D396BDB6-7FFD-4E4D-9B72-DBE22D9DDC6E}.Debug|Any CPU.Build.0 = Debug|Any CPU
		{D396BDB6-7FFD-4E4D-9B72-DBE22D9DDC6E}.Release|Any CPU.ActiveCfg = Release|Any CPU
		{D396BDB6-7FFD-4E4D-9B72-DBE22D9DDC6E}.Release|Any CPU.Build.0 = Release|Any CPU
		{E3D07B02-87C5-4499-A923-390601D29BF1}.Debug|Any CPU.ActiveCfg = Debug|Any CPU
		{E3D07B02-87C5-4499-A923-390601D29BF1}.Debug|Any CPU.Build.0 = Debug|Any CPU
		{E3D07B02-87C5-4499-A923-390601D29BF1}.Release|Any CPU.ActiveCfg = Release|Any CPU
		{E3D07B02-87C5-4499-A923-390601D29BF1}.Release|Any CPU.Build.0 = Release|Any CPU
		{A3C11BC0-BF63-4224-B63F-710342491BC8}.Debug|Any CPU.ActiveCfg = Debug|Any CPU
		{A3C11BC0-BF63-4224-B63F-710342491BC8}.Debug|Any CPU.Build.0 = Debug|Any CPU
		{A3C11BC0-BF63-4224-B63F-710342491BC8}.Release|Any CPU.ActiveCfg = Release|Any CPU
		{A3C11BC0-BF63-4224-B63F-710342491BC8}.Release|Any CPU.Build.0 = Release|Any CPU
		{EB3F6CB2-2CE2-4CE1-8636-391EB6669BE9}.Debug|Any CPU.ActiveCfg = Debug|Any CPU
		{EB3F6CB2-2CE2-4CE1-8636-391EB6669BE9}.Debug|Any CPU.Build.0 = Debug|Any CPU
		{EB3F6CB2-2CE2-4CE1-8636-391EB6669BE9}.Release|Any CPU.ActiveCfg = Release|Any CPU
		{EB3F6CB2-2CE2-4CE1-8636-391EB6669BE9}.Release|Any CPU.Build.0 = Release|Any CPU
	EndGlobalSection
	GlobalSection(SolutionProperties) = preSolution
		HideSolutionNode = FALSE
	EndGlobalSection
	GlobalSection(ExtensibilityGlobals) = postSolution
		SolutionGuid = {5A162298-2A21-4247-8480-AE2C1DF88661}
	EndGlobalSection
EndGlobal
