
Microsoft Visual Studio Solution File, Format Version 12.00
# Visual Studio Version 17
VisualStudioVersion = 17.1.32210.238
MinimumVisualStudioVersion = 10.0.40219.1
Project("{9A19103F-16F7-4668-BE54-9A1E7A4F7556}") = "Lion", "Lion\Lion.csproj", "{F04D6D6F-8E89-4D46-8292-D500FCBB32BC}"
EndProject
Project("{9A19103F-16F7-4668-BE54-9A1E7A4F7556}") = "Lion.Net", "Lion.Net\Lion.Net.csproj", "{E50F3E2A-ABC5-409C-95AD-F6A372EBCDD8}"
EndProject
Project("{9A19103F-16F7-4668-BE54-9A1E7A4F7556}") = "Lion.SDK.Bitcoin", "Lion.SDK.Bitcoin\Lion.SDK.Bitcoin.csproj", "{BC434E3C-1194-4FD7-87C4-6A2F1CBAD35C}"
EndProject
Project("{9A19103F-16F7-4668-BE54-9A1E7A4F7556}") = "Lion.Data.SqlClient", "Lion.Data.SqlClient\Lion.Data.SqlClient.csproj", "{D396BDB6-7FFD-4E4D-9B72-DBE22D9DDC6E}"
EndProject
Project("{9A19103F-16F7-4668-BE54-9A1E7A4F7556}") = "Lion.Data.MySqlClient", "Lion.Data.MySqlClient\Lion.Data.MySqlClient.csproj", "{E3D07B02-87C5-4499-A923-390601D29BF1}"
EndProject
Project("{9A19103F-16F7-4668-BE54-9A1E7A4F7556}") = "Lion.SDK", "Lion.SDK\Lion.SDK.csproj", "{A3C11BC0-BF63-4224-B63F-710342491BC8}"
EndProject
Project("{9A19103F-16F7-4668-BE54-9A1E7A4F7556}") = "Lion.Drawing", "Lion.Drawing\Lion.Drawing.csproj", "{EC4923F9-F2D0-480F-811A-949DB63AFC19}"
EndProject
Project("{9A19103F-16F7-4668-BE54-9A1E7A4F7556}") = "Lion.CryptoCurrency", "Lion.CryptoCurrency\Lion.CryptoCurrency.csproj", "{B21F848E-E363-4F1F-93FC-DCE37690284B}"
EndProject
Project("{9A19103F-16F7-4668-BE54-9A1E7A4F7556}") = "ConsoleApp2", "ConsoleApp2\ConsoleApp2.csproj", "{FA4D7AE4-7620-40CD-8E52-CACB7D43A372}"
EndProject
Global
	GlobalSection(SolutionConfigurationPlatforms) = preSolution
		Debug|Any CPU = Debug|Any CPU
		Release|Any CPU = Release|Any CPU
	EndGlobalSection
	GlobalSection(ProjectConfigurationPlatforms) = postSolution
		{F04D6D6F-8E89-4D46-8292-D500FCBB32BC}.Debug|Any CPU.ActiveCfg = Debug|Any CPU
		{F04D6D6F-8E89-4D46-8292-D500FCBB32BC}.Debug|Any CPU.Build.0 = Debug|Any CPU
		{F04D6D6F-8E89-4D46-8292-D500FCBB32BC}.Release|Any CPU.ActiveCfg = Release|Any CPU
		{F04D6D6F-8E89-4D46-8292-D500FCBB32BC}.Release|Any CPU.Build.0 = Release|Any CPU
		{E50F3E2A-ABC5-409C-95AD-F6A372EBCDD8}.Debug|Any CPU.ActiveCfg = Debug|Any CPU
		{E50F3E2A-ABC5-409C-95AD-F6A372EBCDD8}.Debug|Any CPU.Build.0 = Debug|Any CPU
		{E50F3E2A-ABC5-409C-95AD-F6A372EBCDD8}.Release|Any CPU.ActiveCfg = Release|Any CPU
		{E50F3E2A-ABC5-409C-95AD-F6A372EBCDD8}.Release|Any CPU.Build.0 = Release|Any CPU
		{BC434E3C-1194-4FD7-87C4-6A2F1CBAD35C}.Debug|Any CPU.ActiveCfg = Debug|Any CPU
		{BC434E3C-1194-4FD7-87C4-6A2F1CBAD35C}.Debug|Any CPU.Build.0 = Debug|Any CPU
		{BC434E3C-1194-4FD7-87C4-6A2F1CBAD35C}.Release|Any CPU.ActiveCfg = Release|Any CPU
		{BC434E3C-1194-4FD7-87C4-6A2F1CBAD35C}.Release|Any CPU.Build.0 = Release|Any CPU
		{D396BDB6-7FFD-4E4D-9B72-DBE22D9DDC6E}.Debug|Any CPU.ActiveCfg = Debug|Any CPU
		{D396BDB6-7FFD-4E4D-9B72-DBE22D9DDC6E}.Debug|Any CPU.Build.0 = Debug|Any CPU
		{D396BDB6-7FFD-4E4D-9B72-DBE22D9DDC6E}.Release|Any CPU.ActiveCfg = Release|Any CPU
		{D396BDB6-7FFD-4E4D-9B72-DBE22D9DDC6E}.Release|Any CPU.Build.0 = Release|Any CPU
		{E3D07B02-87C5-4499-A923-390601D29BF1}.Debug|Any CPU.ActiveCfg = Debug|Any CPU
		{E3D07B02-87C5-4499-A923-390601D29BF1}.Debug|Any CPU.Build.0 = Debug|Any CPU
		{E3D07B02-87C5-4499-A923-390601D29BF1}.Release|Any CPU.ActiveCfg = Release|Any CPU
		{E3D07B02-87C5-4499-A923-390601D29BF1}.Release|Any CPU.Build.0 = Release|Any CPU
		{A3C11BC0-BF63-4224-B63F-710342491BC8}.Debug|Any CPU.ActiveCfg = Debug|Any CPU
		{A3C11BC0-BF63-4224-B63F-710342491BC8}.Debug|Any CPU.Build.0 = Debug|Any CPU
		{A3C11BC0-BF63-4224-B63F-710342491BC8}.Release|Any CPU.ActiveCfg = Release|Any CPU
		{A3C11BC0-BF63-4224-B63F-710342491BC8}.Release|Any CPU.Build.0 = Release|Any CPU
		{EC4923F9-F2D0-480F-811A-949DB63AFC19}.Debug|Any CPU.ActiveCfg = Debug|Any CPU
		{EC4923F9-F2D0-480F-811A-949DB63AFC19}.Debug|Any CPU.Build.0 = Debug|Any CPU
		{EC4923F9-F2D0-480F-811A-949DB63AFC19}.Release|Any CPU.ActiveCfg = Release|Any CPU
		{EC4923F9-F2D0-480F-811A-949DB63AFC19}.Release|Any CPU.Build.0 = Release|Any CPU
		{B21F848E-E363-4F1F-93FC-DCE37690284B}.Debug|Any CPU.ActiveCfg = Debug|Any CPU
		{B21F848E-E363-4F1F-93FC-DCE37690284B}.Debug|Any CPU.Build.0 = Debug|Any CPU
		{B21F848E-E363-4F1F-93FC-DCE37690284B}.Release|Any CPU.ActiveCfg = Release|Any CPU
		{B21F848E-E363-4F1F-93FC-DCE37690284B}.Release|Any CPU.Build.0 = Release|Any CPU
		{FA4D7AE4-7620-40CD-8E52-CACB7D43A372}.Debug|Any CPU.ActiveCfg = Debug|Any CPU
		{FA4D7AE4-7620-40CD-8E52-CACB7D43A372}.Debug|Any CPU.Build.0 = Debug|Any CPU
		{FA4D7AE4-7620-40CD-8E52-CACB7D43A372}.Release|Any CPU.ActiveCfg = Release|Any CPU
		{FA4D7AE4-7620-40CD-8E52-CACB7D43A372}.Release|Any CPU.Build.0 = Release|Any CPU
	EndGlobalSection
	GlobalSection(SolutionProperties) = preSolution
		HideSolutionNode = FALSE
	EndGlobalSection
	GlobalSection(ExtensibilityGlobals) = postSolution
		SolutionGuid = {5A162298-2A21-4247-8480-AE2C1DF88661}
	EndGlobalSection
EndGlobal
